// !$*UTF8*$!
{
	archiveVersion = 1;
	classes = {
	};
	objectVersion = 56;
	objects = {

/* Begin PBXBuildFile section */
		7D1F57BA2C5D7832000EE455 /* RealmSwift in Frameworks */ = {isa = PBXBuildFile; productRef = 7D1F57B92C5D7832000EE455 /* RealmSwift */; };
		7D1F57BB2C5D7848000EE455 /* RealmSwift in Embed Frameworks */ = {isa = PBXBuildFile; productRef = 7D1F57B92C5D7832000EE455 /* RealmSwift */; settings = {ATTRIBUTES = (CodeSignOnCopy, ); }; };
		7D1F57BD2C5DA60E000EE455 /* SettingsViewModel.swift in Sources */ = {isa = PBXBuildFile; fileRef = 7D1F57BC2C5DA60E000EE455 /* SettingsViewModel.swift */; };
		7D226F2E2C61765C00A4F830 /* MainScreenViewModel.swift in Sources */ = {isa = PBXBuildFile; fileRef = 7D226F2D2C61765C00A4F830 /* MainScreenViewModel.swift */; };
		7D226F302C61793200A4F830 /* Source.swift in Sources */ = {isa = PBXBuildFile; fileRef = 7D226F2F2C61793200A4F830 /* Source.swift */; };
		7D56EA0E2C59863F005F55F0 /* TestAffirmationApp.swift in Sources */ = {isa = PBXBuildFile; fileRef = 7D56EA0D2C59863F005F55F0 /* TestAffirmationApp.swift */; };
		7D56EA122C598643005F55F0 /* Assets.xcassets in Resources */ = {isa = PBXBuildFile; fileRef = 7D56EA112C598643005F55F0 /* Assets.xcassets */; };
		7D56EA152C598643005F55F0 /* Preview Assets.xcassets in Resources */ = {isa = PBXBuildFile; fileRef = 7D56EA142C598643005F55F0 /* Preview Assets.xcassets */; };
		7D56EA1C2C598787005F55F0 /* SelectCategory.swift in Sources */ = {isa = PBXBuildFile; fileRef = 7D56EA1B2C598787005F55F0 /* SelectCategory.swift */; };
		7D56EA1E2C5987B4005F55F0 /* SelectBackgroundColor.swift in Sources */ = {isa = PBXBuildFile; fileRef = 7D56EA1D2C5987B4005F55F0 /* SelectBackgroundColor.swift */; };
		7D56EA202C5987CE005F55F0 /* SelectGender.swift in Sources */ = {isa = PBXBuildFile; fileRef = 7D56EA1F2C5987CE005F55F0 /* SelectGender.swift */; };
		7D56EA222C598EC8005F55F0 /* Affirmation.swift in Sources */ = {isa = PBXBuildFile; fileRef = 7D56EA212C598EC8005F55F0 /* Affirmation.swift */; };
		7D56EA262C599124005F55F0 /* MainScreen.swift in Sources */ = {isa = PBXBuildFile; fileRef = 7D56EA252C599124005F55F0 /* MainScreen.swift */; };
		7D56EA282C5A3FBA005F55F0 /* SettingsScreen.swift in Sources */ = {isa = PBXBuildFile; fileRef = 7D56EA272C5A3FBA005F55F0 /* SettingsScreen.swift */; };
		7D56EA2B2C5A7B90005F55F0 /* Localizable.strings in Resources */ = {isa = PBXBuildFile; fileRef = 7D56EA2D2C5A7B90005F55F0 /* Localizable.strings */; };
		7D56EA312C5AC488005F55F0 /* UserModel.swift in Sources */ = {isa = PBXBuildFile; fileRef = 7D56EA302C5AC488005F55F0 /* UserModel.swift */; };
		7D56EA352C5AE6CD005F55F0 /* Extension + View.swift in Sources */ = {isa = PBXBuildFile; fileRef = 7D56EA342C5AE6CD005F55F0 /* Extension + View.swift */; };
		7D56EA3C2C5B98FA005F55F0 /* Coordinator.swift in Sources */ = {isa = PBXBuildFile; fileRef = 7D56EA3B2C5B98FA005F55F0 /* Coordinator.swift */; };
		7D56EA3E2C5B9B2F005F55F0 /* CoordinatorView.swift in Sources */ = {isa = PBXBuildFile; fileRef = 7D56EA3D2C5B9B2F005F55F0 /* CoordinatorView.swift */; };
		7D56EA402C5BA975005F55F0 /* AppViewModel.swift in Sources */ = {isa = PBXBuildFile; fileRef = 7D56EA3F2C5BA975005F55F0 /* AppViewModel.swift */; };
/* End PBXBuildFile section */

/* Begin PBXCopyFilesBuildPhase section */
		7D1F57A22C5D7236000EE455 /* Embed Frameworks */ = {
			isa = PBXCopyFilesBuildPhase;
			buildActionMask = 2147483647;
			dstPath = "";
			dstSubfolderSpec = 10;
			files = (
				7D1F57BB2C5D7848000EE455 /* RealmSwift in Embed Frameworks */,
			);
			name = "Embed Frameworks";
			runOnlyForDeploymentPostprocessing = 0;
		};
/* End PBXCopyFilesBuildPhase section */

/* Begin PBXFileReference section */
		7D1F57BC2C5DA60E000EE455 /* SettingsViewModel.swift */ = {isa = PBXFileReference; lastKnownFileType = sourcecode.swift; path = SettingsViewModel.swift; sourceTree = "<group>"; };
		7D226F2D2C61765C00A4F830 /* MainScreenViewModel.swift */ = {isa = PBXFileReference; lastKnownFileType = sourcecode.swift; path = MainScreenViewModel.swift; sourceTree = "<group>"; };
		7D226F2F2C61793200A4F830 /* Source.swift */ = {isa = PBXFileReference; lastKnownFileType = sourcecode.swift; path = Source.swift; sourceTree = "<group>"; };
		7D56EA0A2C59863F005F55F0 /* TestAffirmation.app */ = {isa = PBXFileReference; explicitFileType = wrapper.application; includeInIndex = 0; path = TestAffirmation.app; sourceTree = BUILT_PRODUCTS_DIR; };
		7D56EA0D2C59863F005F55F0 /* TestAffirmationApp.swift */ = {isa = PBXFileReference; lastKnownFileType = sourcecode.swift; path = TestAffirmationApp.swift; sourceTree = "<group>"; };
		7D56EA112C598643005F55F0 /* Assets.xcassets */ = {isa = PBXFileReference; lastKnownFileType = folder.assetcatalog; path = Assets.xcassets; sourceTree = "<group>"; };
		7D56EA142C598643005F55F0 /* Preview Assets.xcassets */ = {isa = PBXFileReference; lastKnownFileType = folder.assetcatalog; path = "Preview Assets.xcassets"; sourceTree = "<group>"; };
		7D56EA1B2C598787005F55F0 /* SelectCategory.swift */ = {isa = PBXFileReference; lastKnownFileType = sourcecode.swift; path = SelectCategory.swift; sourceTree = "<group>"; };
		7D56EA1D2C5987B4005F55F0 /* SelectBackgroundColor.swift */ = {isa = PBXFileReference; lastKnownFileType = sourcecode.swift; path = SelectBackgroundColor.swift; sourceTree = "<group>"; };
		7D56EA1F2C5987CE005F55F0 /* SelectGender.swift */ = {isa = PBXFileReference; lastKnownFileType = sourcecode.swift; path = SelectGender.swift; sourceTree = "<group>"; };
		7D56EA212C598EC8005F55F0 /* Affirmation.swift */ = {isa = PBXFileReference; lastKnownFileType = sourcecode.swift; path = Affirmation.swift; sourceTree = "<group>"; };
		7D56EA252C599124005F55F0 /* MainScreen.swift */ = {isa = PBXFileReference; lastKnownFileType = sourcecode.swift; path = MainScreen.swift; sourceTree = "<group>"; };
		7D56EA272C5A3FBA005F55F0 /* SettingsScreen.swift */ = {isa = PBXFileReference; lastKnownFileType = sourcecode.swift; path = SettingsScreen.swift; sourceTree = "<group>"; };
		7D56EA2C2C5A7B90005F55F0 /* en */ = {isa = PBXFileReference; lastKnownFileType = text.plist.strings; name = en; path = en.lproj/Localizable.strings; sourceTree = "<group>"; };
		7D56EA302C5AC488005F55F0 /* UserModel.swift */ = {isa = PBXFileReference; lastKnownFileType = sourcecode.swift; path = UserModel.swift; sourceTree = "<group>"; };
		7D56EA342C5AE6CD005F55F0 /* Extension + View.swift */ = {isa = PBXFileReference; lastKnownFileType = sourcecode.swift; path = "Extension + View.swift"; sourceTree = "<group>"; };
		7D56EA362C5AF136005F55F0 /* ru */ = {isa = PBXFileReference; lastKnownFileType = text.plist.strings; name = ru; path = ru.lproj/Localizable.strings; sourceTree = "<group>"; };
		7D56EA3B2C5B98FA005F55F0 /* Coordinator.swift */ = {isa = PBXFileReference; lastKnownFileType = sourcecode.swift; path = Coordinator.swift; sourceTree = "<group>"; };
		7D56EA3D2C5B9B2F005F55F0 /* CoordinatorView.swift */ = {isa = PBXFileReference; lastKnownFileType = sourcecode.swift; path = CoordinatorView.swift; sourceTree = "<group>"; };
		7D56EA3F2C5BA975005F55F0 /* AppViewModel.swift */ = {isa = PBXFileReference; lastKnownFileType = sourcecode.swift; path = AppViewModel.swift; sourceTree = "<group>"; };
/* End PBXFileReference section */

/* Begin PBXFrameworksBuildPhase section */
		7D56EA072C59863F005F55F0 /* Frameworks */ = {
			isa = PBXFrameworksBuildPhase;
			buildActionMask = 2147483647;
			files = (
				7D1F57BA2C5D7832000EE455 /* RealmSwift in Frameworks */,
			);
			runOnlyForDeploymentPostprocessing = 0;
		};
/* End PBXFrameworksBuildPhase section */

/* Begin PBXGroup section */
		7D1F57A52C5D7380000EE455 /* Frameworks */ = {
			isa = PBXGroup;
			children = (
			);
			name = Frameworks;
			sourceTree = "<group>";
		};
		7D56EA012C59863F005F55F0 = {
			isa = PBXGroup;
			children = (
				7D56EA0C2C59863F005F55F0 /* TestAffirmation */,
				7D56EA0B2C59863F005F55F0 /* Products */,
				7D1F57A52C5D7380000EE455 /* Frameworks */,
			);
			sourceTree = "<group>";
		};
		7D56EA0B2C59863F005F55F0 /* Products */ = {
			isa = PBXGroup;
			children = (
				7D56EA0A2C59863F005F55F0 /* TestAffirmation.app */,
			);
			name = Products;
			sourceTree = "<group>";
		};
		7D56EA0C2C59863F005F55F0 /* TestAffirmation */ = {
			isa = PBXGroup;
			children = (
				7D56EA0D2C59863F005F55F0 /* TestAffirmationApp.swift */,
				7D56EA2F2C5AC469005F55F0 /* Model */,
				7D56EA322C5ADDA7005F55F0 /* ViewModel */,
				7D56EA332C5AE69C005F55F0 /* Extensions */,
				7D56EA2E2C5AC43F005F55F0 /* View */,
				7D56EA112C598643005F55F0 /* Assets.xcassets */,
				7D56EA2D2C5A7B90005F55F0 /* Localizable.strings */,
				7D56EA132C598643005F55F0 /* Preview Content */,
				7D56EA3B2C5B98FA005F55F0 /* Coordinator.swift */,
			);
			path = TestAffirmation;
			sourceTree = "<group>";
		};
		7D56EA132C598643005F55F0 /* Preview Content */ = {
			isa = PBXGroup;
			children = (
				7D56EA142C598643005F55F0 /* Preview Assets.xcassets */,
			);
			path = "Preview Content";
			sourceTree = "<group>";
		};
		7D56EA2E2C5AC43F005F55F0 /* View */ = {
			isa = PBXGroup;
			children = (
				7D56EA3D2C5B9B2F005F55F0 /* CoordinatorView.swift */,
				7D56EA1B2C598787005F55F0 /* SelectCategory.swift */,
				7D56EA1D2C5987B4005F55F0 /* SelectBackgroundColor.swift */,
				7D56EA1F2C5987CE005F55F0 /* SelectGender.swift */,
				7D56EA252C599124005F55F0 /* MainScreen.swift */,
				7D56EA272C5A3FBA005F55F0 /* SettingsScreen.swift */,
			);
			path = View;
			sourceTree = "<group>";
		};
		7D56EA2F2C5AC469005F55F0 /* Model */ = {
			isa = PBXGroup;
			children = (
				7D56EA302C5AC488005F55F0 /* UserModel.swift */,
				7D56EA212C598EC8005F55F0 /* Affirmation.swift */,
				7D226F2F2C61793200A4F830 /* Source.swift */,
			);
			path = Model;
			sourceTree = "<group>";
		};
		7D56EA322C5ADDA7005F55F0 /* ViewModel */ = {
			isa = PBXGroup;
			children = (
				7D56EA3F2C5BA975005F55F0 /* AppViewModel.swift */,
				7D226F2D2C61765C00A4F830 /* MainScreenViewModel.swift */,
				7D1F57BC2C5DA60E000EE455 /* SettingsViewModel.swift */,
			);
			path = ViewModel;
			sourceTree = "<group>";
		};
		7D56EA332C5AE69C005F55F0 /* Extensions */ = {
			isa = PBXGroup;
			children = (
				7D56EA342C5AE6CD005F55F0 /* Extension + View.swift */,
			);
			path = Extensions;
			sourceTree = "<group>";
		};
/* End PBXGroup section */

/* Begin PBXNativeTarget section */
		7D56EA092C59863F005F55F0 /* TestAffirmation */ = {
			isa = PBXNativeTarget;
			buildConfigurationList = 7D56EA182C598643005F55F0 /* Build configuration list for PBXNativeTarget "TestAffirmation" */;
			buildPhases = (
				7D56EA062C59863F005F55F0 /* Sources */,
				7D56EA072C59863F005F55F0 /* Frameworks */,
				7D56EA082C59863F005F55F0 /* Resources */,
				7D1F57A22C5D7236000EE455 /* Embed Frameworks */,
			);
			buildRules = (
			);
			dependencies = (
			);
			name = TestAffirmation;
			packageProductDependencies = (
				7D1F57B92C5D7832000EE455 /* RealmSwift */,
			);
			productName = TestAffirmation;
			productReference = 7D56EA0A2C59863F005F55F0 /* TestAffirmation.app */;
			productType = "com.apple.product-type.application";
		};
/* End PBXNativeTarget section */

/* Begin PBXProject section */
		7D56EA022C59863F005F55F0 /* Project object */ = {
			isa = PBXProject;
			attributes = {
				BuildIndependentTargetsInParallel = 1;
				LastSwiftUpdateCheck = 1520;
				LastUpgradeCheck = 1520;
				TargetAttributes = {
					7D56EA092C59863F005F55F0 = {
						CreatedOnToolsVersion = 15.2;
					};
				};
			};
			buildConfigurationList = 7D56EA052C59863F005F55F0 /* Build configuration list for PBXProject "TestAffirmation" */;
			compatibilityVersion = "Xcode 14.0";
			developmentRegion = en;
			hasScannedForEncodings = 0;
			knownRegions = (
				en,
				ru,
			);
			mainGroup = 7D56EA012C59863F005F55F0;
			packageReferences = (
				7D1F57B82C5D7832000EE455 /* XCRemoteSwiftPackageReference "realm-swift" */,
			);
			productRefGroup = 7D56EA0B2C59863F005F55F0 /* Products */;
			projectDirPath = "";
			projectRoot = "";
			targets = (
				7D56EA092C59863F005F55F0 /* TestAffirmation */,
			);
		};
/* End PBXProject section */

/* Begin PBXResourcesBuildPhase section */
		7D56EA082C59863F005F55F0 /* Resources */ = {
			isa = PBXResourcesBuildPhase;
			buildActionMask = 2147483647;
			files = (
				7D56EA152C598643005F55F0 /* Preview Assets.xcassets in Resources */,
				7D56EA2B2C5A7B90005F55F0 /* Localizable.strings in Resources */,
				7D56EA122C598643005F55F0 /* Assets.xcassets in Resources */,
			);
			runOnlyForDeploymentPostprocessing = 0;
		};
/* End PBXResourcesBuildPhase section */

/* Begin PBXSourcesBuildPhase section */
		7D56EA062C59863F005F55F0 /* Sources */ = {
			isa = PBXSourcesBuildPhase;
			buildActionMask = 2147483647;
			files = (
				7D56EA262C599124005F55F0 /* MainScreen.swift in Sources */,
				7D226F2E2C61765C00A4F830 /* MainScreenViewModel.swift in Sources */,
				7D56EA352C5AE6CD005F55F0 /* Extension + View.swift in Sources */,
				7D56EA402C5BA975005F55F0 /* AppViewModel.swift in Sources */,
				7D56EA3C2C5B98FA005F55F0 /* Coordinator.swift in Sources */,
				7D56EA282C5A3FBA005F55F0 /* SettingsScreen.swift in Sources */,
				7D56EA312C5AC488005F55F0 /* UserModel.swift in Sources */,
				7D56EA222C598EC8005F55F0 /* Affirmation.swift in Sources */,
				7D226F302C61793200A4F830 /* Source.swift in Sources */,
				7D56EA1E2C5987B4005F55F0 /* SelectBackgroundColor.swift in Sources */,
				7D1F57BD2C5DA60E000EE455 /* SettingsViewModel.swift in Sources */,
				7D56EA1C2C598787005F55F0 /* SelectCategory.swift in Sources */,
				7D56EA3E2C5B9B2F005F55F0 /* CoordinatorView.swift in Sources */,
				7D56EA202C5987CE005F55F0 /* SelectGender.swift in Sources */,
				7D56EA0E2C59863F005F55F0 /* TestAffirmationApp.swift in Sources */,
			);
			runOnlyForDeploymentPostprocessing = 0;
		};
/* End PBXSourcesBuildPhase section */

/* Begin PBXVariantGroup section */
		7D56EA2D2C5A7B90005F55F0 /* Localizable.strings */ = {
			isa = PBXVariantGroup;
			children = (
				7D56EA2C2C5A7B90005F55F0 /* en */,
				7D56EA362C5AF136005F55F0 /* ru */,
			);
			name = Localizable.strings;
			sourceTree = "<group>";
		};
/* End PBXVariantGroup section */

/* Begin XCBuildConfiguration section */
		7D56EA162C598643005F55F0 /* Debug */ = {
			isa = XCBuildConfiguration;
			buildSettings = {
				ALWAYS_SEARCH_USER_PATHS = NO;
				ASSETCATALOG_COMPILER_GENERATE_SWIFT_ASSET_SYMBOL_EXTENSIONS = YES;
				CLANG_ANALYZER_NONNULL = YES;
				CLANG_ANALYZER_NUMBER_OBJECT_CONVERSION = YES_AGGRESSIVE;
				CLANG_CXX_LANGUAGE_STANDARD = "gnu++20";
				CLANG_ENABLE_MODULES = YES;
				CLANG_ENABLE_OBJC_ARC = YES;
				CLANG_ENABLE_OBJC_WEAK = YES;
				CLANG_WARN_BLOCK_CAPTURE_AUTORELEASING = YES;
				CLANG_WARN_BOOL_CONVERSION = YES;
				CLANG_WARN_COMMA = YES;
				CLANG_WARN_CONSTANT_CONVERSION = YES;
				CLANG_WARN_DEPRECATED_OBJC_IMPLEMENTATIONS = YES;
				CLANG_WARN_DIRECT_OBJC_ISA_USAGE = YES_ERROR;
				CLANG_WARN_DOCUMENTATION_COMMENTS = YES;
				CLANG_WARN_EMPTY_BODY = YES;
				CLANG_WARN_ENUM_CONVERSION = YES;
				CLANG_WARN_INFINITE_RECURSION = YES;
				CLANG_WARN_INT_CONVERSION = YES;
				CLANG_WARN_NON_LITERAL_NULL_CONVERSION = YES;
				CLANG_WARN_OBJC_IMPLICIT_RETAIN_SELF = YES;
				CLANG_WARN_OBJC_LITERAL_CONVERSION = YES;
				CLANG_WARN_OBJC_ROOT_CLASS = YES_ERROR;
				CLANG_WARN_QUOTED_INCLUDE_IN_FRAMEWORK_HEADER = YES;
				CLANG_WARN_RANGE_LOOP_ANALYSIS = YES;
				CLANG_WARN_STRICT_PROTOTYPES = YES;
				CLANG_WARN_SUSPICIOUS_MOVE = YES;
				CLANG_WARN_UNGUARDED_AVAILABILITY = YES_AGGRESSIVE;
				CLANG_WARN_UNREACHABLE_CODE = YES;
				CLANG_WARN__DUPLICATE_METHOD_MATCH = YES;
				COPY_PHASE_STRIP = NO;
				DEBUG_INFORMATION_FORMAT = dwarf;
				ENABLE_STRICT_OBJC_MSGSEND = YES;
				ENABLE_TESTABILITY = YES;
				ENABLE_USER_SCRIPT_SANDBOXING = YES;
				GCC_C_LANGUAGE_STANDARD = gnu17;
				GCC_DYNAMIC_NO_PIC = NO;
				GCC_NO_COMMON_BLOCKS = YES;
				GCC_OPTIMIZATION_LEVEL = 0;
				GCC_PREPROCESSOR_DEFINITIONS = (
					"DEBUG=1",
					"$(inherited)",
				);
				GCC_WARN_64_TO_32_BIT_CONVERSION = YES;
				GCC_WARN_ABOUT_RETURN_TYPE = YES_ERROR;
				GCC_WARN_UNDECLARED_SELECTOR = YES;
				GCC_WARN_UNINITIALIZED_AUTOS = YES_AGGRESSIVE;
				GCC_WARN_UNUSED_FUNCTION = YES;
				GCC_WARN_UNUSED_VARIABLE = YES;
				IPHONEOS_DEPLOYMENT_TARGET = 16.0;
				LOCALIZATION_PREFERS_STRING_CATALOGS = YES;
				MTL_ENABLE_DEBUG_INFO = INCLUDE_SOURCE;
				MTL_FAST_MATH = YES;
				ONLY_ACTIVE_ARCH = YES;
				SDKROOT = iphoneos;
				SWIFT_ACTIVE_COMPILATION_CONDITIONS = "DEBUG $(inherited)";
				SWIFT_OPTIMIZATION_LEVEL = "-Onone";
			};
			name = Debug;
		};
		7D56EA172C598643005F55F0 /* Release */ = {
			isa = XCBuildConfiguration;
			buildSettings = {
				ALWAYS_SEARCH_USER_PATHS = NO;
				ASSETCATALOG_COMPILER_GENERATE_SWIFT_ASSET_SYMBOL_EXTENSIONS = YES;
				CLANG_ANALYZER_NONNULL = YES;
				CLANG_ANALYZER_NUMBER_OBJECT_CONVERSION = YES_AGGRESSIVE;
				CLANG_CXX_LANGUAGE_STANDARD = "gnu++20";
				CLANG_ENABLE_MODULES = YES;
				CLANG_ENABLE_OBJC_ARC = YES;
				CLANG_ENABLE_OBJC_WEAK = YES;
				CLANG_WARN_BLOCK_CAPTURE_AUTORELEASING = YES;
				CLANG_WARN_BOOL_CONVERSION = YES;
				CLANG_WARN_COMMA = YES;
				CLANG_WARN_CONSTANT_CONVERSION = YES;
				CLANG_WARN_DEPRECATED_OBJC_IMPLEMENTATIONS = YES;
				CLANG_WARN_DIRECT_OBJC_ISA_USAGE = YES_ERROR;
				CLANG_WARN_DOCUMENTATION_COMMENTS = YES;
				CLANG_WARN_EMPTY_BODY = YES;
				CLANG_WARN_ENUM_CONVERSION = YES;
				CLANG_WARN_INFINITE_RECURSION = YES;
				CLANG_WARN_INT_CONVERSION = YES;
				CLANG_WARN_NON_LITERAL_NULL_CONVERSION = YES;
				CLANG_WARN_OBJC_IMPLICIT_RETAIN_SELF = YES;
				CLANG_WARN_OBJC_LITERAL_CONVERSION = YES;
				CLANG_WARN_OBJC_ROOT_CLASS = YES_ERROR;
				CLANG_WARN_QUOTED_INCLUDE_IN_FRAMEWORK_HEADER = YES;
				CLANG_WARN_RANGE_LOOP_ANALYSIS = YES;
				CLANG_WARN_STRICT_PROTOTYPES = YES;
				CLANG_WARN_SUSPICIOUS_MOVE = YES;
				CLANG_WARN_UNGUARDED_AVAILABILITY = YES_AGGRESSIVE;
				CLANG_WARN_UNREACHABLE_CODE = YES;
				CLANG_WARN__DUPLICATE_METHOD_MATCH = YES;
				COPY_PHASE_STRIP = NO;
				DEBUG_INFORMATION_FORMAT = "dwarf-with-dsym";
				ENABLE_NS_ASSERTIONS = NO;
				ENABLE_STRICT_OBJC_MSGSEND = YES;
				ENABLE_USER_SCRIPT_SANDBOXING = YES;
				GCC_C_LANGUAGE_STANDARD = gnu17;
				GCC_NO_COMMON_BLOCKS = YES;
				GCC_WARN_64_TO_32_BIT_CONVERSION = YES;
				GCC_WARN_ABOUT_RETURN_TYPE = YES_ERROR;
				GCC_WARN_UNDECLARED_SELECTOR = YES;
				GCC_WARN_UNINITIALIZED_AUTOS = YES_AGGRESSIVE;
				GCC_WARN_UNUSED_FUNCTION = YES;
				GCC_WARN_UNUSED_VARIABLE = YES;
				IPHONEOS_DEPLOYMENT_TARGET = 16.0;
				LOCALIZATION_PREFERS_STRING_CATALOGS = YES;
				MTL_ENABLE_DEBUG_INFO = NO;
				MTL_FAST_MATH = YES;
				SDKROOT = iphoneos;
				SWIFT_COMPILATION_MODE = wholemodule;
				VALIDATE_PRODUCT = YES;
			};
			name = Release;
		};
		7D56EA192C598643005F55F0 /* Debug */ = {
			isa = XCBuildConfiguration;
			buildSettings = {
				ASSETCATALOG_COMPILER_APPICON_NAME = AppIcon;
				ASSETCATALOG_COMPILER_GLOBAL_ACCENT_COLOR_NAME = AccentColor;
				CODE_SIGN_STYLE = Automatic;
				CURRENT_PROJECT_VERSION = 1;
				DEVELOPMENT_ASSET_PATHS = "\"TestAffirmation/Preview Content\"";
				ENABLE_PREVIEWS = YES;
				GENERATE_INFOPLIST_FILE = YES;
				INFOPLIST_KEY_UIApplicationSceneManifest_Generation = YES;
				INFOPLIST_KEY_UIApplicationSupportsIndirectInputEvents = YES;
				INFOPLIST_KEY_UILaunchScreen_Generation = YES;
				INFOPLIST_KEY_UISupportedInterfaceOrientations_iPad = "UIInterfaceOrientationPortrait UIInterfaceOrientationPortraitUpsideDown UIInterfaceOrientationLandscapeLeft UIInterfaceOrientationLandscapeRight";
				INFOPLIST_KEY_UISupportedInterfaceOrientations_iPhone = "UIInterfaceOrientationPortrait UIInterfaceOrientationLandscapeLeft UIInterfaceOrientationLandscapeRight";
				IPHONEOS_DEPLOYMENT_TARGET = 16.0;
				LD_RUNPATH_SEARCH_PATHS = (
					"$(inherited)",
					"@executable_path/Frameworks",
				);
				MARKETING_VERSION = 1.0;
				PRODUCT_BUNDLE_IDENTIFIER = ru.swiftme.TestAffirmation;
				PRODUCT_NAME = "$(TARGET_NAME)";
				SWIFT_EMIT_LOC_STRINGS = YES;
				SWIFT_VERSION = 5.0;
				TARGETED_DEVICE_FAMILY = "1,2";
			};
			name = Debug;
		};
		7D56EA1A2C598643005F55F0 /* Release */ = {
			isa = XCBuildConfiguration;
			buildSettings = {
				ASSETCATALOG_COMPILER_APPICON_NAME = AppIcon;
				ASSETCATALOG_COMPILER_GLOBAL_ACCENT_COLOR_NAME = AccentColor;
				CODE_SIGN_STYLE = Automatic;
				CURRENT_PROJECT_VERSION = 1;
				DEVELOPMENT_ASSET_PATHS = "\"TestAffirmation/Preview Content\"";
				ENABLE_PREVIEWS = YES;
				GENERATE_INFOPLIST_FILE = YES;
				INFOPLIST_KEY_UIApplicationSceneManifest_Generation = YES;
				INFOPLIST_KEY_UIApplicationSupportsIndirectInputEvents = YES;
				INFOPLIST_KEY_UILaunchScreen_Generation = YES;
				INFOPLIST_KEY_UISupportedInterfaceOrientations_iPad = "UIInterfaceOrientationPortrait UIInterfaceOrientationPortraitUpsideDown UIInterfaceOrientationLandscapeLeft UIInterfaceOrientationLandscapeRight";
				INFOPLIST_KEY_UISupportedInterfaceOrientations_iPhone = "UIInterfaceOrientationPortrait UIInterfaceOrientationLandscapeLeft UIInterfaceOrientationLandscapeRight";
				IPHONEOS_DEPLOYMENT_TARGET = 16.0;
				LD_RUNPATH_SEARCH_PATHS = (
					"$(inherited)",
					"@executable_path/Frameworks",
				);
				MARKETING_VERSION = 1.0;
				PRODUCT_BUNDLE_IDENTIFIER = ru.swiftme.TestAffirmation;
				PRODUCT_NAME = "$(TARGET_NAME)";
				SWIFT_EMIT_LOC_STRINGS = YES;
				SWIFT_VERSION = 5.0;
				TARGETED_DEVICE_FAMILY = "1,2";
			};
			name = Release;
		};
/* End XCBuildConfiguration section */

/* Begin XCConfigurationList section */
		7D56EA052C59863F005F55F0 /* Build configuration list for PBXProject "TestAffirmation" */ = {
			isa = XCConfigurationList;
			buildConfigurations = (
				7D56EA162C598643005F55F0 /* Debug */,
				7D56EA172C598643005F55F0 /* Release */,
			);
			defaultConfigurationIsVisible = 0;
			defaultConfigurationName = Release;
		};
		7D56EA182C598643005F55F0 /* Build configuration list for PBXNativeTarget "TestAffirmation" */ = {
			isa = XCConfigurationList;
			buildConfigurations = (
				7D56EA192C598643005F55F0 /* Debug */,
				7D56EA1A2C598643005F55F0 /* Release */,
			);
			defaultConfigurationIsVisible = 0;
			defaultConfigurationName = Release;
		};
/* End XCConfigurationList section */

/* Begin XCRemoteSwiftPackageReference section */
		7D1F57B82C5D7832000EE455 /* XCRemoteSwiftPackageReference "realm-swift" */ = {
			isa = XCRemoteSwiftPackageReference;
			repositoryURL = "https://github.com/realm/realm-swift.git";
			requirement = {
				kind = versionRange;
				maximumVersion = 11.0.0;
				minimumVersion = 10.49.1;
			};
		};
/* End XCRemoteSwiftPackageReference section */

/* Begin XCSwiftPackageProductDependency section */
		7D1F57B92C5D7832000EE455 /* RealmSwift */ = {
			isa = XCSwiftPackageProductDependency;
			package = 7D1F57B82C5D7832000EE455 /* XCRemoteSwiftPackageReference "realm-swift" */;
			productName = RealmSwift;
		};
/* End XCSwiftPackageProductDependency section */
	};
	rootObject = 7D56EA022C59863F005F55F0 /* Project object */;
}
